// !$*UTF8*$!
{
	archiveVersion = 1;
	classes = {
	};
	objectVersion = 46;
	objects = {

/* Begin PBXBuildFile section */
		C45FC40324DED3D80054FF72 /* AppDelegate.swift in Sources */ = {isa = PBXBuildFile; fileRef = C45FC40224DED3D80054FF72 /* AppDelegate.swift */; };
		C45FC40524DED3D80054FF72 /* ViewController.swift in Sources */ = {isa = PBXBuildFile; fileRef = C45FC40424DED3D80054FF72 /* ViewController.swift */; };
		C45FC40824DED3D80054FF72 /* Main.storyboard in Resources */ = {isa = PBXBuildFile; fileRef = C45FC40624DED3D80054FF72 /* Main.storyboard */; };
		C45FC40A24DED3D80054FF72 /* Assets.xcassets in Resources */ = {isa = PBXBuildFile; fileRef = C45FC40924DED3D80054FF72 /* Assets.xcassets */; };
		C45FC40D24DED3D80054FF72 /* LaunchScreen.storyboard in Resources */ = {isa = PBXBuildFile; fileRef = C45FC40B24DED3D80054FF72 /* LaunchScreen.storyboard */; };
		C4ABDE4224DEF15C00DDB828 /* NextViewController.swift in Sources */ = {isa = PBXBuildFile; fileRef = C4ABDE4124DEF15C00DDB828 /* NextViewController.swift */; };
		C4C0473224DF9B0A0019A614 /* ViewController2.swift in Sources */ = {isa = PBXBuildFile; fileRef = C4C0473124DF9B0A0019A614 /* ViewController2.swift */; };
/* End PBXBuildFile section */

/* Begin PBXFileReference section */
		C45FC3FF24DED3D80054FF72 /* MoveMaker2.app */ = {isa = PBXFileReference; explicitFileType = wrapper.application; includeInIndex = 0; path = MoveMaker2.app; sourceTree = BUILT_PRODUCTS_DIR; };
		C45FC40224DED3D80054FF72 /* AppDelegate.swift */ = {isa = PBXFileReference; lastKnownFileType = sourcecode.swift; path = AppDelegate.swift; sourceTree = "<group>"; };
		C45FC40424DED3D80054FF72 /* ViewController.swift */ = {isa = PBXFileReference; lastKnownFileType = sourcecode.swift; path = ViewController.swift; sourceTree = "<group>"; };
		C45FC40724DED3D80054FF72 /* Base */ = {isa = PBXFileReference; lastKnownFileType = file.storyboard; name = Base; path = Base.lproj/Main.storyboard; sourceTree = "<group>"; };
		C45FC40924DED3D80054FF72 /* Assets.xcassets */ = {isa = PBXFileReference; lastKnownFileType = folder.assetcatalog; path = Assets.xcassets; sourceTree = "<group>"; };
		C45FC40C24DED3D80054FF72 /* Base */ = {isa = PBXFileReference; lastKnownFileType = file.storyboard; name = Base; path = Base.lproj/LaunchScreen.storyboard; sourceTree = "<group>"; };
		C45FC40E24DED3D80054FF72 /* Info.plist */ = {isa = PBXFileReference; lastKnownFileType = text.plist.xml; path = Info.plist; sourceTree = "<group>"; };
		C4ABDE4124DEF15C00DDB828 /* NextViewController.swift */ = {isa = PBXFileReference; fileEncoding = 4; lastKnownFileType = sourcecode.swift; path = NextViewController.swift; sourceTree = "<group>"; };
		C4C0473124DF9B0A0019A614 /* ViewController2.swift */ = {isa = PBXFileReference; fileEncoding = 4; lastKnownFileType = sourcecode.swift; path = ViewController2.swift; sourceTree = "<group>"; };
/* End PBXFileReference section */

/* Begin PBXFrameworksBuildPhase section */
		C45FC3FC24DED3D70054FF72 /* Frameworks */ = {
			isa = PBXFrameworksBuildPhase;
			buildActionMask = 2147483647;
			files = (
			);
			runOnlyForDeploymentPostprocessing = 0;
		};
/* End PBXFrameworksBuildPhase section */

/* Begin PBXGroup section */
		C45FC3F624DED3D70054FF72 = {
			isa = PBXGroup;
			children = (
				C45FC40124DED3D80054FF72 /* MoveMaker2 */,
				C45FC40024DED3D80054FF72 /* Products */,
			);
			sourceTree = "<group>";
		};
		C45FC40024DED3D80054FF72 /* Products */ = {
			isa = PBXGroup;
			children = (
				C45FC3FF24DED3D80054FF72 /* MoveMaker2.app */,
			);
			name = Products;
			sourceTree = "<group>";
		};
		C45FC40124DED3D80054FF72 /* MoveMaker2 */ = {
			isa = PBXGroup;
			children = (
				C45FC40224DED3D80054FF72 /* AppDelegate.swift */,
				C45FC40424DED3D80054FF72 /* ViewController.swift */,
				C4C0473124DF9B0A0019A614 /* ViewController2.swift */,
				C4ABDE4124DEF15C00DDB828 /* NextViewController.swift */,
				C45FC40624DED3D80054FF72 /* Main.storyboard */,
				C45FC40924DED3D80054FF72 /* Assets.xcassets */,
				C45FC40B24DED3D80054FF72 /* LaunchScreen.storyboard */,
				C45FC40E24DED3D80054FF72 /* Info.plist */,
			);
			path = MoveMaker2;
			sourceTree = "<group>";
		};
/* End PBXGroup section */

/* Begin PBXNativeTarget section */
		C45FC3FE24DED3D70054FF72 /* MoveMaker2 */ = {
			isa = PBXNativeTarget;
			buildConfigurationList = C45FC41124DED3D80054FF72 /* Build configuration list for PBXNativeTarget "MoveMaker2" */;
			buildPhases = (
				C45FC3FB24DED3D70054FF72 /* Sources */,
				C45FC3FC24DED3D70054FF72 /* Frameworks */,
				C45FC3FD24DED3D70054FF72 /* Resources */,
			);
			buildRules = (
			);
			dependencies = (
			);
			name = MoveMaker2;
			productName = MoveMaker2;
			productReference = C45FC3FF24DED3D80054FF72 /* MoveMaker2.app */;
			productType = "com.apple.product-type.application";
		};
/* End PBXNativeTarget section */

/* Begin PBXProject section */
		C45FC3F724DED3D70054FF72 /* Project object */ = {
			isa = PBXProject;
			attributes = {
				LastSwiftUpdateCheck = 0820;
				LastUpgradeCheck = 0820;
				ORGANIZATIONNAME = "能美真也";
				TargetAttributes = {
					C45FC3FE24DED3D70054FF72 = {
						CreatedOnToolsVersion = 8.2.1;
						ProvisioningStyle = Automatic;
					};
				};
			};
			buildConfigurationList = C45FC3FA24DED3D70054FF72 /* Build configuration list for PBXProject "MoveMaker2" */;
			compatibilityVersion = "Xcode 3.2";
			developmentRegion = English;
			hasScannedForEncodings = 0;
			knownRegions = (
				en,
				Base,
			);
			mainGroup = C45FC3F624DED3D70054FF72;
			productRefGroup = C45FC40024DED3D80054FF72 /* Products */;
			projectDirPath = "";
			projectRoot = "";
			targets = (
				C45FC3FE24DED3D70054FF72 /* MoveMaker2 */,
			);
		};
/* End PBXProject section */

/* Begin PBXResourcesBuildPhase section */
		C45FC3FD24DED3D70054FF72 /* Resources */ = {
			isa = PBXResourcesBuildPhase;
			buildActionMask = 2147483647;
			files = (
				C45FC40D24DED3D80054FF72 /* LaunchScreen.storyboard in Resources */,
				C45FC40A24DED3D80054FF72 /* Assets.xcassets in Resources */,
				C45FC40824DED3D80054FF72 /* Main.storyboard in Resources */,
			);
			runOnlyForDeploymentPostprocessing = 0;
		};
/* End PBXResourcesBuildPhase section */

/* Begin PBXSourcesBuildPhase section */
		C45FC3FB24DED3D70054FF72 /* Sources */ = {
			isa = PBXSourcesBuildPhase;
			buildActionMask = 2147483647;
			files = (
				C45FC40524DED3D80054FF72 /* ViewController.swift in Sources */,
				C4C0473224DF9B0A0019A614 /* ViewController2.swift in Sources */,
				C4ABDE4224DEF15C00DDB828 /* NextViewController.swift in Sources */,
				C45FC40324DED3D80054FF72 /* AppDelegate.swift in Sources */,
			);
			runOnlyForDeploymentPostprocessing = 0;
		};
/* End PBXSourcesBuildPhase section */

/* Begin PBXVariantGroup section */
		C45FC40624DED3D80054FF72 /* Main.storyboard */ = {
			isa = PBXVariantGroup;
			children = (
				C45FC40724DED3D80054FF72 /* Base */,
			);
			name = Main.storyboard;
			sourceTree = "<group>";
		};
		C45FC40B24DED3D80054FF72 /* LaunchScreen.storyboard */ = {
			isa = PBXVariantGroup;
			children = (
				C45FC40C24DED3D80054FF72 /* Base */,
			);
			name = LaunchScreen.storyboard;
			sourceTree = "<group>";
		};
/* End PBXVariantGroup section */

/* Begin XCBuildConfiguration section */
		C45FC40F24DED3D80054FF72 /* Debug */ = {
			isa = XCBuildConfiguration;
			buildSettings = {
				ALWAYS_SEARCH_USER_PATHS = NO;
				CLANG_ANALYZER_NONNULL = YES;
				CLANG_CXX_LANGUAGE_STANDARD = "gnu++0x";
				CLANG_CXX_LIBRARY = "libc++";
				CLANG_ENABLE_MODULES = YES;
				CLANG_ENABLE_OBJC_ARC = YES;
				CLANG_WARN_BOOL_CONVERSION = YES;
				CLANG_WARN_CONSTANT_CONVERSION = YES;
				CLANG_WARN_DIRECT_OBJC_ISA_USAGE = YES_ERROR;
				CLANG_WARN_DOCUMENTATION_COMMENTS = YES;
				CLANG_WARN_EMPTY_BODY = YES;
				CLANG_WARN_ENUM_CONVERSION = YES;
				CLANG_WARN_INFINITE_RECURSION = YES;
				CLANG_WARN_INT_CONVERSION = YES;
				CLANG_WARN_OBJC_ROOT_CLASS = YES_ERROR;
				CLANG_WARN_SUSPICIOUS_MOVE = YES;
				CLANG_WARN_UNREACHABLE_CODE = YES;
				CLANG_WARN__DUPLICATE_METHOD_MATCH = YES;
				"CODE_SIGN_IDENTITY[sdk=iphoneos*]" = "iPhone Developer";
				COPY_PHASE_STRIP = NO;
				DEBUG_INFORMATION_FORMAT = dwarf;
				ENABLE_STRICT_OBJC_MSGSEND = YES;
				ENABLE_TESTABILITY = YES;
				GCC_C_LANGUAGE_STANDARD = gnu99;
				GCC_DYNAMIC_NO_PIC = NO;
				GCC_NO_COMMON_BLOCKS = YES;
				GCC_OPTIMIZATION_LEVEL = 0;
				GCC_PREPROCESSOR_DEFINITIONS = (
					"DEBUG=1",
					"$(inherited)",
				);
				GCC_WARN_64_TO_32_BIT_CONVERSION = YES;
				GCC_WARN_ABOUT_RETURN_TYPE = YES_ERROR;
				GCC_WARN_UNDECLARED_SELECTOR = YES;
				GCC_WARN_UNINITIALIZED_AUTOS = YES_AGGRESSIVE;
				GCC_WARN_UNUSED_FUNCTION = YES;
				GCC_WARN_UNUSED_VARIABLE = YES;
				IPHONEOS_DEPLOYMENT_TARGET = 10.2;
				MTL_ENABLE_DEBUG_INFO = YES;
				ONLY_ACTIVE_ARCH = YES;
				SDKROOT = iphoneos;
				SWIFT_ACTIVE_COMPILATION_CONDITIONS = DEBUG;
				SWIFT_OPTIMIZATION_LEVEL = "-Onone";
			};
			name = Debug;
		};
		C45FC41024DED3D80054FF72 /* Release */ = {
			isa = XCBuildConfiguration;
			buildSettings = {
				ALWAYS_SEARCH_USER_PATHS = NO;
				CLANG_ANALYZER_NONNULL = YES;
				CLANG_CXX_LANGUAGE_STANDARD = "gnu++0x";
				CLANG_CXX_LIBRARY = "libc++";
				CLANG_ENABLE_MODULES = YES;
				CLANG_ENABLE_OBJC_ARC = YES;
				CLANG_WARN_BOOL_CONVERSION = YES;
				CLANG_WARN_CONSTANT_CONVERSION = YES;
				CLANG_WARN_DIRECT_OBJC_ISA_USAGE = YES_ERROR;
				CLANG_WARN_DOCUMENTATION_COMMENTS = YES;
				CLANG_WARN_EMPTY_BODY = YES;
				CLANG_WARN_ENUM_CONVERSION = YES;
				CLANG_WARN_INFINITE_RECURSION = YES;
				CLANG_WARN_INT_CONVERSION = YES;
				CLANG_WARN_OBJC_ROOT_CLASS = YES_ERROR;
				CLANG_WARN_SUSPICIOUS_MOVE = YES;
				CLANG_WARN_UNREACHABLE_CODE = YES;
				CLANG_WARN__DUPLICATE_METHOD_MATCH = YES;
				"CODE_SIGN_IDENTITY[sdk=iphoneos*]" = "iPhone Developer";
				COPY_PHASE_STRIP = NO;
				DEBUG_INFORMATION_FORMAT = "dwarf-with-dsym";
				ENABLE_NS_ASSERTIONS = NO;
				ENABLE_STRICT_OBJC_MSGSEND = YES;
				GCC_C_LANGUAGE_STANDARD = gnu99;
				GCC_NO_COMMON_BLOCKS = YES;
				GCC_WARN_64_TO_32_BIT_CONVERSION = YES;
				GCC_WARN_ABOUT_RETURN_TYPE = YES_ERROR;
				GCC_WARN_UNDECLARED_SELECTOR = YES;
				GCC_WARN_UNINITIALIZED_AUTOS = YES_AGGRESSIVE;
				GCC_WARN_UNUSED_FUNCTION = YES;
				GCC_WARN_UNUSED_VARIABLE = YES;
				IPHONEOS_DEPLOYMENT_TARGET = 10.2;
				MTL_ENABLE_DEBUG_INFO = NO;
				SDKROOT = iphoneos;
				SWIFT_OPTIMIZATION_LEVEL = "-Owholemodule";
				VALIDATE_PRODUCT = YES;
			};
			name = Release;
		};
		C45FC41224DED3D80054FF72 /* Debug */ = {
			isa = XCBuildConfiguration;
			buildSettings = {
				ASSETCATALOG_COMPILER_APPICON_NAME = AppIcon;
				INFOPLIST_FILE = MoveMaker2/Info.plist;
				LD_RUNPATH_SEARCH_PATHS = "$(inherited) @executable_path/Frameworks";
				PRODUCT_BUNDLE_IDENTIFIER = com.shinya.MoveMaker2;
				PRODUCT_NAME = "$(TARGET_NAME)";
				SWIFT_VERSION = 3.0;
			};
			name = Debug;
		};
		C45FC41324DED3D80054FF72 /* Release */ = {
			isa = XCBuildConfiguration;
			buildSettings = {
				ASSETCATALOG_COMPILER_APPICON_NAME = AppIcon;
				INFOPLIST_FILE = MoveMaker2/Info.plist;
				LD_RUNPATH_SEARCH_PATHS = "$(inherited) @executable_path/Frameworks";
				PRODUCT_BUNDLE_IDENTIFIER = com.shinya.MoveMaker2;
				PRODUCT_NAME = "$(TARGET_NAME)";
				SWIFT_VERSION = 3.0;
			};
			name = Release;
		};
/* End XCBuildConfiguration section */

/* Begin XCConfigurationList section */
		C45FC3FA24DED3D70054FF72 /* Build configuration list for PBXProject "MoveMaker2" */ = {
			isa = XCConfigurationList;
			buildConfigurations = (
				C45FC40F24DED3D80054FF72 /* Debug */,
				C45FC41024DED3D80054FF72 /* Release */,
			);
			defaultConfigurationIsVisible = 0;
			defaultConfigurationName = Release;
		};
		C45FC41124DED3D80054FF72 /* Build configuration list for PBXNativeTarget "MoveMaker2" */ = {
			isa = XCConfigurationList;
			buildConfigurations = (
				C45FC41224DED3D80054FF72 /* Debug */,
				C45FC41324DED3D80054FF72 /* Release */,
			);
			defaultConfigurationIsVisible = 0;
			defaultConfigurationName = Release;
		};
/* End XCConfigurationList section */
	};
	rootObject = C45FC3F724DED3D70054FF72 /* Project object */;
}
